PODS:
  - PromiseKit (4.0.0):
    - PromiseKit/Foundation (= 4.0.0)
    - PromiseKit/QuartzCore (= 4.0.0)
    - PromiseKit/UIKit (= 4.0.0)
  - PromiseKit/CorePromise (4.0.0)
  - PromiseKit/Foundation (4.0.0):
    - PromiseKit/CorePromise
  - PromiseKit/QuartzCore (4.0.0):
    - PromiseKit/CorePromise
  - PromiseKit/UIKit (4.0.0):
    - PromiseKit/CorePromise

DEPENDENCIES:
  - PromiseKit (~> 4.0)

SPEC CHECKSUMS:
  PromiseKit: 97edc7fb2fb7d2c68c8e09d1f79b3ab7bcb6b06a

PODFILE CHECKSUM: ad6724aae203eef059b8e28c9b8ffd06e7d1e7cc

COCOAPODS: 1.1.0.rc.1
