// !$*UTF8*$!
{
	archiveVersion = 1;
	classes = {
	};
	objectVersion = 46;
	objects = {

/* Begin PBXBuildFile section */
		35252A2E1CB7F9BF00444681 /* OtherItem+CoreDataProperties.swift in Sources */ = {isa = PBXBuildFile; fileRef = 35252A2C1CB7F9BF00444681 /* OtherItem+CoreDataProperties.swift */; };
		35252A2F1CB7F9BF00444681 /* OtherItem.swift in Sources */ = {isa = PBXBuildFile; fileRef = 35252A2D1CB7F9BF00444681 /* OtherItem.swift */; };
		35552B1B1C970375004397CD /* AppDelegate.swift in Sources */ = {isa = PBXBuildFile; fileRef = 35552B1A1C970375004397CD /* AppDelegate.swift */; };
		35552B1D1C970375004397CD /* ViewController.swift in Sources */ = {isa = PBXBuildFile; fileRef = 35552B1C1C970375004397CD /* ViewController.swift */; };
		35552B231C970375004397CD /* CadmiumBasicExample.xcdatamodeld in Sources */ = {isa = PBXBuildFile; fileRef = 35552B211C970375004397CD /* CadmiumBasicExample.xcdatamodeld */; };
		35552B251C970375004397CD /* Assets.xcassets in Resources */ = {isa = PBXBuildFile; fileRef = 35552B241C970375004397CD /* Assets.xcassets */; };
		35552B281C970375004397CD /* LaunchScreen.storyboard in Resources */ = {isa = PBXBuildFile; fileRef = 35552B261C970375004397CD /* LaunchScreen.storyboard */; };
		35552B391C9703BB004397CD /* CoreData.framework in Frameworks */ = {isa = PBXBuildFile; fileRef = 35552B381C9703BB004397CD /* CoreData.framework */; };
		35552B551C9705DF004397CD /* Cadmium.framework in Frameworks */ = {isa = PBXBuildFile; fileRef = 35552B521C9705D0004397CD /* Cadmium.framework */; };
		35552B581C970757004397CD /* ExampleItem+CoreDataProperties.swift in Sources */ = {isa = PBXBuildFile; fileRef = 35552B561C970757004397CD /* ExampleItem+CoreDataProperties.swift */; };
		35552B591C970758004397CD /* ExampleItem.swift in Sources */ = {isa = PBXBuildFile; fileRef = 35552B571C970757004397CD /* ExampleItem.swift */; };
/* End PBXBuildFile section */

/* Begin PBXContainerItemProxy section */
		35552B511C9705D0004397CD /* PBXContainerItemProxy */ = {
			isa = PBXContainerItemProxy;
			containerPortal = 35552B4C1C9705D0004397CD /* Cadmium.xcodeproj */;
			proxyType = 2;
			remoteGlobalIDString = 35552AE41C960848004397CD;
			remoteInfo = Cadmium;
		};
		35552B531C9705D0004397CD /* PBXContainerItemProxy */ = {
			isa = PBXContainerItemProxy;
			containerPortal = 35552B4C1C9705D0004397CD /* Cadmium.xcodeproj */;
			proxyType = 2;
			remoteGlobalIDString = 35552AEE1C960848004397CD;
			remoteInfo = CadmiumTests;
		};
/* End PBXContainerItemProxy section */

/* Begin PBXFileReference section */
		35252A2C1CB7F9BF00444681 /* OtherItem+CoreDataProperties.swift */ = {isa = PBXFileReference; fileEncoding = 4; lastKnownFileType = sourcecode.swift; path = "OtherItem+CoreDataProperties.swift"; sourceTree = "<group>"; };
		35252A2D1CB7F9BF00444681 /* OtherItem.swift */ = {isa = PBXFileReference; fileEncoding = 4; lastKnownFileType = sourcecode.swift; path = OtherItem.swift; sourceTree = "<group>"; };
		35552B171C970375004397CD /* CadmiumBasicExample.app */ = {isa = PBXFileReference; explicitFileType = wrapper.application; includeInIndex = 0; path = CadmiumBasicExample.app; sourceTree = BUILT_PRODUCTS_DIR; };
		35552B1A1C970375004397CD /* AppDelegate.swift */ = {isa = PBXFileReference; lastKnownFileType = sourcecode.swift; path = AppDelegate.swift; sourceTree = "<group>"; };
		35552B1C1C970375004397CD /* ViewController.swift */ = {isa = PBXFileReference; lastKnownFileType = sourcecode.swift; path = ViewController.swift; sourceTree = "<group>"; };
		35552B221C970375004397CD /* CadmiumBasicExample.xcdatamodel */ = {isa = PBXFileReference; lastKnownFileType = wrapper.xcdatamodel; path = CadmiumBasicExample.xcdatamodel; sourceTree = "<group>"; };
		35552B241C970375004397CD /* Assets.xcassets */ = {isa = PBXFileReference; lastKnownFileType = folder.assetcatalog; path = Assets.xcassets; sourceTree = "<group>"; };
		35552B271C970375004397CD /* Base */ = {isa = PBXFileReference; lastKnownFileType = file.storyboard; name = Base; path = Base.lproj/LaunchScreen.storyboard; sourceTree = "<group>"; };
		35552B291C970375004397CD /* Info.plist */ = {isa = PBXFileReference; lastKnownFileType = text.plist.xml; path = Info.plist; sourceTree = "<group>"; };
		35552B381C9703BB004397CD /* CoreData.framework */ = {isa = PBXFileReference; lastKnownFileType = wrapper.framework; name = CoreData.framework; path = System/Library/Frameworks/CoreData.framework; sourceTree = SDKROOT; };
		35552B4C1C9705D0004397CD /* Cadmium.xcodeproj */ = {isa = PBXFileReference; lastKnownFileType = "wrapper.pb-project"; name = Cadmium.xcodeproj; path = ../../Cadmium.xcodeproj; sourceTree = "<group>"; };
		35552B561C970757004397CD /* ExampleItem+CoreDataProperties.swift */ = {isa = PBXFileReference; fileEncoding = 4; lastKnownFileType = sourcecode.swift; path = "ExampleItem+CoreDataProperties.swift"; sourceTree = "<group>"; };
		35552B571C970757004397CD /* ExampleItem.swift */ = {isa = PBXFileReference; fileEncoding = 4; lastKnownFileType = sourcecode.swift; path = ExampleItem.swift; sourceTree = "<group>"; };
/* End PBXFileReference section */

/* Begin PBXFrameworksBuildPhase section */
		35552B141C970375004397CD /* Frameworks */ = {
			isa = PBXFrameworksBuildPhase;
			buildActionMask = 2147483647;
			files = (
				35552B551C9705DF004397CD /* Cadmium.framework in Frameworks */,
				35552B391C9703BB004397CD /* CoreData.framework in Frameworks */,
			);
			runOnlyForDeploymentPostprocessing = 0;
		};
/* End PBXFrameworksBuildPhase section */

/* Begin PBXGroup section */
		35552B0E1C970375004397CD = {
			isa = PBXGroup;
			children = (
				35552B4C1C9705D0004397CD /* Cadmium.xcodeproj */,
				35552B381C9703BB004397CD /* CoreData.framework */,
				35552B191C970375004397CD /* CadmiumBasicExample */,
				35552B181C970375004397CD /* Products */,
			);
			sourceTree = "<group>";
			usesTabs = 0;
		};
		35552B181C970375004397CD /* Products */ = {
			isa = PBXGroup;
			children = (
				35552B171C970375004397CD /* CadmiumBasicExample.app */,
			);
			name = Products;
			sourceTree = "<group>";
		};
		35552B191C970375004397CD /* CadmiumBasicExample */ = {
			isa = PBXGroup;
			children = (
				35252A2C1CB7F9BF00444681 /* OtherItem+CoreDataProperties.swift */,
				35252A2D1CB7F9BF00444681 /* OtherItem.swift */,
				35552B561C970757004397CD /* ExampleItem+CoreDataProperties.swift */,
				35552B571C970757004397CD /* ExampleItem.swift */,
				35552B1A1C970375004397CD /* AppDelegate.swift */,
				35552B1C1C970375004397CD /* ViewController.swift */,
				35552B241C970375004397CD /* Assets.xcassets */,
				35552B261C970375004397CD /* LaunchScreen.storyboard */,
				35552B291C970375004397CD /* Info.plist */,
				35552B211C970375004397CD /* CadmiumBasicExample.xcdatamodeld */,
			);
			path = CadmiumBasicExample;
			sourceTree = "<group>";
		};
		35552B4D1C9705D0004397CD /* Products */ = {
			isa = PBXGroup;
			children = (
				35552B521C9705D0004397CD /* Cadmium.framework */,
				35552B541C9705D0004397CD /* CadmiumTests.xctest */,
			);
			name = Products;
			sourceTree = "<group>";
		};
/* End PBXGroup section */

/* Begin PBXNativeTarget section */
		35552B161C970375004397CD /* CadmiumBasicExample */ = {
			isa = PBXNativeTarget;
			buildConfigurationList = 35552B2C1C970375004397CD /* Build configuration list for PBXNativeTarget "CadmiumBasicExample" */;
			buildPhases = (
				35552B131C970375004397CD /* Sources */,
				35552B141C970375004397CD /* Frameworks */,
				35552B151C970375004397CD /* Resources */,
				3587E4B21C9DA198009D68C9 /* Embed Cadmium Framework */,
			);
			buildRules = (
			);
			dependencies = (
			);
			name = CadmiumBasicExample;
			productName = CadmiumBasicExample;
			productReference = 35552B171C970375004397CD /* CadmiumBasicExample.app */;
			productType = "com.apple.product-type.application";
		};
/* End PBXNativeTarget section */

/* Begin PBXProject section */
		35552B0F1C970375004397CD /* Project object */ = {
			isa = PBXProject;
			attributes = {
				LastSwiftUpdateCheck = 0720;
				LastUpgradeCheck = 0720;
				ORGANIZATIONNAME = "Jason Fieldman";
				TargetAttributes = {
					35552B161C970375004397CD = {
						CreatedOnToolsVersion = 7.2;
					};
				};
			};
			buildConfigurationList = 35552B121C970375004397CD /* Build configuration list for PBXProject "CadmiumBasicExample" */;
			compatibilityVersion = "Xcode 3.2";
			developmentRegion = English;
			hasScannedForEncodings = 0;
			knownRegions = (
				en,
				Base,
			);
			mainGroup = 35552B0E1C970375004397CD;
			productRefGroup = 35552B181C970375004397CD /* Products */;
			projectDirPath = "";
			projectReferences = (
				{
					ProductGroup = 35552B4D1C9705D0004397CD /* Products */;
					ProjectRef = 35552B4C1C9705D0004397CD /* Cadmium.xcodeproj */;
				},
			);
			projectRoot = "";
			targets = (
				35552B161C970375004397CD /* CadmiumBasicExample */,
			);
		};
/* End PBXProject section */

/* Begin PBXReferenceProxy section */
		35552B521C9705D0004397CD /* Cadmium.framework */ = {
			isa = PBXReferenceProxy;
			fileType = wrapper.framework;
			path = Cadmium.framework;
			remoteRef = 35552B511C9705D0004397CD /* PBXContainerItemProxy */;
			sourceTree = BUILT_PRODUCTS_DIR;
		};
		35552B541C9705D0004397CD /* CadmiumTests.xctest */ = {
			isa = PBXReferenceProxy;
			fileType = wrapper.cfbundle;
			path = CadmiumTests.xctest;
			remoteRef = 35552B531C9705D0004397CD /* PBXContainerItemProxy */;
			sourceTree = BUILT_PRODUCTS_DIR;
		};
/* End PBXReferenceProxy section */

/* Begin PBXResourcesBuildPhase section */
		35552B151C970375004397CD /* Resources */ = {
			isa = PBXResourcesBuildPhase;
			buildActionMask = 2147483647;
			files = (
				35552B281C970375004397CD /* LaunchScreen.storyboard in Resources */,
				35552B251C970375004397CD /* Assets.xcassets in Resources */,
			);
			runOnlyForDeploymentPostprocessing = 0;
		};
/* End PBXResourcesBuildPhase section */

/* Begin PBXShellScriptBuildPhase section */
		3587E4B21C9DA198009D68C9 /* Embed Cadmium Framework */ = {
			isa = PBXShellScriptBuildPhase;
			buildActionMask = 2147483647;
			files = (
			);
			inputPaths = (
			);
			name = "Embed Cadmium Framework";
			outputPaths = (
			);
			runOnlyForDeploymentPostprocessing = 0;
			shellPath = /bin/sh;
			shellScript = "\"${SRCROOT}/CadmiumBasicExample/embed_frameworks.sh\"";
		};
/* End PBXShellScriptBuildPhase section */

/* Begin PBXSourcesBuildPhase section */
		35552B131C970375004397CD /* Sources */ = {
			isa = PBXSourcesBuildPhase;
			buildActionMask = 2147483647;
			files = (
				35552B591C970758004397CD /* ExampleItem.swift in Sources */,
				35552B1D1C970375004397CD /* ViewController.swift in Sources */,
				35252A2F1CB7F9BF00444681 /* OtherItem.swift in Sources */,
				35552B581C970757004397CD /* ExampleItem+CoreDataProperties.swift in Sources */,
				35552B231C970375004397CD /* CadmiumBasicExample.xcdatamodeld in Sources */,
				35552B1B1C970375004397CD /* AppDelegate.swift in Sources */,
				35252A2E1CB7F9BF00444681 /* OtherItem+CoreDataProperties.swift in Sources */,
			);
			runOnlyForDeploymentPostprocessing = 0;
		};
/* End PBXSourcesBuildPhase section */

/* Begin PBXVariantGroup section */
		35552B261C970375004397CD /* LaunchScreen.storyboard */ = {
			isa = PBXVariantGroup;
			children = (
				35552B271C970375004397CD /* Base */,
			);
			name = LaunchScreen.storyboard;
			sourceTree = "<group>";
		};
/* End PBXVariantGroup section */

/* Begin XCBuildConfiguration section */
		35552B2A1C970375004397CD /* Debug */ = {
			isa = XCBuildConfiguration;
			buildSettings = {
				ALWAYS_SEARCH_USER_PATHS = NO;
				CLANG_CXX_LANGUAGE_STANDARD = "gnu++0x";
				CLANG_CXX_LIBRARY = "libc++";
				CLANG_ENABLE_MODULES = YES;
				CLANG_ENABLE_OBJC_ARC = YES;
				CLANG_WARN_BOOL_CONVERSION = YES;
				CLANG_WARN_CONSTANT_CONVERSION = YES;
				CLANG_WARN_DIRECT_OBJC_ISA_USAGE = YES_ERROR;
				CLANG_WARN_EMPTY_BODY = YES;
				CLANG_WARN_ENUM_CONVERSION = YES;
				CLANG_WARN_INT_CONVERSION = YES;
				CLANG_WARN_OBJC_ROOT_CLASS = YES_ERROR;
				CLANG_WARN_UNREACHABLE_CODE = YES;
				CLANG_WARN__DUPLICATE_METHOD_MATCH = YES;
				"CODE_SIGN_IDENTITY[sdk=iphoneos*]" = "iPhone Developer";
				COPY_PHASE_STRIP = NO;
				DEBUG_INFORMATION_FORMAT = dwarf;
				ENABLE_STRICT_OBJC_MSGSEND = YES;
				ENABLE_TESTABILITY = YES;
				GCC_C_LANGUAGE_STANDARD = gnu99;
				GCC_DYNAMIC_NO_PIC = NO;
				GCC_NO_COMMON_BLOCKS = YES;
				GCC_OPTIMIZATION_LEVEL = 0;
				GCC_PREPROCESSOR_DEFINITIONS = (
					"DEBUG=1",
					"$(inherited)",
				);
				GCC_WARN_64_TO_32_BIT_CONVERSION = YES;
				GCC_WARN_ABOUT_RETURN_TYPE = YES_ERROR;
				GCC_WARN_UNDECLARED_SELECTOR = YES;
				GCC_WARN_UNINITIALIZED_AUTOS = YES_AGGRESSIVE;
				GCC_WARN_UNUSED_FUNCTION = YES;
				GCC_WARN_UNUSED_VARIABLE = YES;
				IPHONEOS_DEPLOYMENT_TARGET = 9.2;
				MTL_ENABLE_DEBUG_INFO = YES;
				ONLY_ACTIVE_ARCH = YES;
				SDKROOT = iphoneos;
				SWIFT_OPTIMIZATION_LEVEL = "-Onone";
			};
			name = Debug;
		};
		35552B2B1C970375004397CD /* Release */ = {
			isa = XCBuildConfiguration;
			buildSettings = {
				ALWAYS_SEARCH_USER_PATHS = NO;
				CLANG_CXX_LANGUAGE_STANDARD = "gnu++0x";
				CLANG_CXX_LIBRARY = "libc++";
				CLANG_ENABLE_MODULES = YES;
				CLANG_ENABLE_OBJC_ARC = YES;
				CLANG_WARN_BOOL_CONVERSION = YES;
				CLANG_WARN_CONSTANT_CONVERSION = YES;
				CLANG_WARN_DIRECT_OBJC_ISA_USAGE = YES_ERROR;
				CLANG_WARN_EMPTY_BODY = YES;
				CLANG_WARN_ENUM_CONVERSION = YES;
				CLANG_WARN_INT_CONVERSION = YES;
				CLANG_WARN_OBJC_ROOT_CLASS = YES_ERROR;
				CLANG_WARN_UNREACHABLE_CODE = YES;
				CLANG_WARN__DUPLICATE_METHOD_MATCH = YES;
				"CODE_SIGN_IDENTITY[sdk=iphoneos*]" = "iPhone Developer";
				COPY_PHASE_STRIP = NO;
				DEBUG_INFORMATION_FORMAT = "dwarf-with-dsym";
				ENABLE_NS_ASSERTIONS = NO;
				ENABLE_STRICT_OBJC_MSGSEND = YES;
				GCC_C_LANGUAGE_STANDARD = gnu99;
				GCC_NO_COMMON_BLOCKS = YES;
				GCC_WARN_64_TO_32_BIT_CONVERSION = YES;
				GCC_WARN_ABOUT_RETURN_TYPE = YES_ERROR;
				GCC_WARN_UNDECLARED_SELECTOR = YES;
				GCC_WARN_UNINITIALIZED_AUTOS = YES_AGGRESSIVE;
				GCC_WARN_UNUSED_FUNCTION = YES;
				GCC_WARN_UNUSED_VARIABLE = YES;
				IPHONEOS_DEPLOYMENT_TARGET = 9.2;
				MTL_ENABLE_DEBUG_INFO = NO;
				SDKROOT = iphoneos;
				VALIDATE_PRODUCT = YES;
			};
			name = Release;
		};
		35552B2D1C970375004397CD /* Debug */ = {
			isa = XCBuildConfiguration;
			buildSettings = {
				ASSETCATALOG_COMPILER_APPICON_NAME = AppIcon;
				INFOPLIST_FILE = CadmiumBasicExample/Info.plist;
				IPHONEOS_DEPLOYMENT_TARGET = 8.0;
				LD_RUNPATH_SEARCH_PATHS = "$(inherited) @executable_path/Frameworks";
				PRODUCT_BUNDLE_IDENTIFIER = org.fieldman.CadmiumBasicExample;
				PRODUCT_NAME = "$(TARGET_NAME)";
			};
			name = Debug;
		};
		35552B2E1C970375004397CD /* Release */ = {
			isa = XCBuildConfiguration;
			buildSettings = {
				ASSETCATALOG_COMPILER_APPICON_NAME = AppIcon;
				INFOPLIST_FILE = CadmiumBasicExample/Info.plist;
				IPHONEOS_DEPLOYMENT_TARGET = 8.0;
				LD_RUNPATH_SEARCH_PATHS = "$(inherited) @executable_path/Frameworks";
				PRODUCT_BUNDLE_IDENTIFIER = org.fieldman.CadmiumBasicExample;
				PRODUCT_NAME = "$(TARGET_NAME)";
			};
			name = Release;
		};
/* End XCBuildConfiguration section */

/* Begin XCConfigurationList section */
		35552B121C970375004397CD /* Build configuration list for PBXProject "CadmiumBasicExample" */ = {
			isa = XCConfigurationList;
			buildConfigurations = (
				35552B2A1C970375004397CD /* Debug */,
				35552B2B1C970375004397CD /* Release */,
			);
			defaultConfigurationIsVisible = 0;
			defaultConfigurationName = Release;
		};
		35552B2C1C970375004397CD /* Build configuration list for PBXNativeTarget "CadmiumBasicExample" */ = {
			isa = XCConfigurationList;
			buildConfigurations = (
				35552B2D1C970375004397CD /* Debug */,
				35552B2E1C970375004397CD /* Release */,
			);
			defaultConfigurationIsVisible = 0;
			defaultConfigurationName = Release;
		};
/* End XCConfigurationList section */

/* Begin XCVersionGroup section */
		35552B211C970375004397CD /* CadmiumBasicExample.xcdatamodeld */ = {
			isa = XCVersionGroup;
			children = (
				35552B221C970375004397CD /* CadmiumBasicExample.xcdatamodel */,
			);
			currentVersion = 35552B221C970375004397CD /* CadmiumBasicExample.xcdatamodel */;
			path = CadmiumBasicExample.xcdatamodeld;
			sourceTree = "<group>";
			versionGroupType = wrapper.xcdatamodel;
		};
/* End XCVersionGroup section */
	};
	rootObject = 35552B0F1C970375004397CD /* Project object */;
}
